
Microsoft Visual Studio Solution File, Format Version 12.00
# Visual Studio 15
VisualStudioVersion = 15.0.28307.168
MinimumVisualStudioVersion = 10.0.40219.1
Project("{FAE04EC0-301F-11D3-BF4B-00C04F79EFBC}") = "Vidly", "Vidly\Vidly.csproj", "{AD412F27-30E7-48A9-AD71-5164EE695030}"
EndProject
Global
	GlobalSection(SolutionConfigurationPlatforms) = preSolution
		Debug|Any CPU = Debug|Any CPU
		Release|Any CPU = Release|Any CPU
	EndGlobalSection
	GlobalSection(ProjectConfigurationPlatforms) = postSolution
		{AD412F27-30E7-48A9-AD71-5164EE695030}.Debug|Any CPU.ActiveCfg = Debug|Any CPU
		{AD412F27-30E7-48A9-AD71-5164EE695030}.Debug|Any CPU.Build.0 = Debug|Any CPU
		{AD412F27-30E7-48A9-AD71-5164EE695030}.Release|Any CPU.ActiveCfg = Release|Any CPU
		{AD412F27-30E7-48A9-AD71-5164EE695030}.Release|Any CPU.Build.0 = Release|Any CPU
	EndGlobalSection
	GlobalSection(SolutionProperties) = preSolution
		HideSolutionNode = FALSE
	EndGlobalSection
	GlobalSection(ExtensibilityGlobals) = postSolution
		SolutionGuid = {0089E2AB-FA14-4272-9807-C5826189D267}
	EndGlobalSection
EndGlobal
